
Microsoft Visual Studio Solution File, Format Version 12.00
# Visual Studio Version 17
VisualStudioVersion = 17.9.34728.123
MinimumVisualStudioVersion = 10.0.40219.1
Project("{FAE04EC0-301F-11D3-BF4B-00C04F79EFBC}") = "sbHtmlEdit", "sbHtmlEdit.csproj", "{42C4572C-C340-482A-AC4F-43637D737E8B}"
EndProject
Global
	GlobalSection(SolutionConfigurationPlatforms) = preSolution
		Debug|Any CPU = Debug|Any CPU
		Release|Any CPU = Release|Any CPU
	EndGlobalSection
	GlobalSection(ProjectConfigurationPlatforms) = postSolution
		{42C4572C-C340-482A-AC4F-43637D737E8B}.Debug|Any CPU.ActiveCfg = Debug|Any CPU
		{42C4572C-C340-482A-AC4F-43637D737E8B}.Debug|Any CPU.Build.0 = Debug|Any CPU
		{42C4572C-C340-482A-AC4F-43637D737E8B}.Release|Any CPU.ActiveCfg = Release|Any CPU
		{42C4572C-C340-482A-AC4F-43637D737E8B}.Release|Any CPU.Build.0 = Release|Any CPU
	EndGlobalSection
	GlobalSection(SolutionProperties) = preSolution
		HideSolutionNode = FALSE
	EndGlobalSection
	GlobalSection(ExtensibilityGlobals) = postSolution
		SolutionGuid = {CE364DA7-181B-46EB-A244-62B02F9FE5F4}
	EndGlobalSection
EndGlobal
